
Microsoft Visual Studio Solution File, Format Version 12.00
# Visual Studio 14
VisualStudioVersion = 14.0.25420.1
MinimumVisualStudioVersion = 10.0.40219.1
Project("{2150E333-8FDC-42A3-9474-1A3956D46DE8}") = "src", "src", "{3A7DDA13-4566-42A8-A8DD-31E1A446C35D}"
EndProject
Project("{2150E333-8FDC-42A3-9474-1A3956D46DE8}") = "Solution Items", "Solution Items", "{7CF659E4-EAD1-4724-9C02-AD9D3CA4B22D}"
	ProjectSection(SolutionItems) = preProject
		global.json = global.json
	EndProjectSection
EndProject
Project("{8BB2217D-0F2D-49D1-97BC-3654ED321F3B}") = "ZenithWebSite", "src\ZenithWebSite\ZenithWebSite.xproj", "{6CE4D6A9-7ED7-4A30-9E23-D13FC087DCAF}"
EndProject
Global
	GlobalSection(SolutionConfigurationPlatforms) = preSolution
		Debug|Any CPU = Debug|Any CPU
		Release|Any CPU = Release|Any CPU
	EndGlobalSection
	GlobalSection(ProjectConfigurationPlatforms) = postSolution
		{6CE4D6A9-7ED7-4A30-9E23-D13FC087DCAF}.Debug|Any CPU.ActiveCfg = Debug|Any CPU
		{6CE4D6A9-7ED7-4A30-9E23-D13FC087DCAF}.Debug|Any CPU.Build.0 = Debug|Any CPU
		{6CE4D6A9-7ED7-4A30-9E23-D13FC087DCAF}.Release|Any CPU.ActiveCfg = Release|Any CPU
		{6CE4D6A9-7ED7-4A30-9E23-D13FC087DCAF}.Release|Any CPU.Build.0 = Release|Any CPU
	EndGlobalSection
	GlobalSection(SolutionProperties) = preSolution
		HideSolutionNode = FALSE
	EndGlobalSection
	GlobalSection(NestedProjects) = preSolution
		{6CE4D6A9-7ED7-4A30-9E23-D13FC087DCAF} = {3A7DDA13-4566-42A8-A8DD-31E1A446C35D}
	EndGlobalSection
EndGlobal
